
Microsoft Visual Studio Solution File, Format Version 12.00
# Visual Studio Version 17
VisualStudioVersion = 17.5.33502.453
MinimumVisualStudioVersion = 10.0.40219.1
Project("{FAE04EC0-301F-11D3-BF4B-00C04F79EFBC}") = "Parcial2_VargasGaviriaJhoanSebastian", "Parcial2_VargasGaviriaJhoanSebastian\Parcial2_VargasGaviriaJhoanSebastian.csproj", "{20E6A27B-F6DC-41AB-8107-3BA94E8D118D}"
EndProject
Global
	GlobalSection(SolutionConfigurationPlatforms) = preSolution
		Debug|Any CPU = Debug|Any CPU
		Release|Any CPU = Release|Any CPU
	EndGlobalSection
	GlobalSection(ProjectConfigurationPlatforms) = postSolution
		{20E6A27B-F6DC-41AB-8107-3BA94E8D118D}.Debug|Any CPU.ActiveCfg = Debug|Any CPU
		{20E6A27B-F6DC-41AB-8107-3BA94E8D118D}.Debug|Any CPU.Build.0 = Debug|Any CPU
		{20E6A27B-F6DC-41AB-8107-3BA94E8D118D}.Release|Any CPU.ActiveCfg = Release|Any CPU
		{20E6A27B-F6DC-41AB-8107-3BA94E8D118D}.Release|Any CPU.Build.0 = Release|Any CPU
	EndGlobalSection
	GlobalSection(SolutionProperties) = preSolution
		HideSolutionNode = FALSE
	EndGlobalSection
	GlobalSection(ExtensibilityGlobals) = postSolution
		SolutionGuid = {E5E54E74-70AB-403E-B9FD-76B75C014908}
	EndGlobalSection
EndGlobal
