
Microsoft Visual Studio Solution File, Format Version 12.00
# Visual Studio Version 17
VisualStudioVersion = 17.5.33502.453
MinimumVisualStudioVersion = 10.0.40219.1
Project("{FAE04EC0-301F-11D3-BF4B-00C04F79EFBC}") = "Parcial2_VargasGaviriaJhoanSebastian", "Parcial2_VargasGaviriaJhoanSebastian\Parcial2_VargasGaviriaJhoanSebastian.csproj", "{DE4A9C01-A86A-4EDF-9F67-7BB4D627F73E}"
EndProject
Global
	GlobalSection(SolutionConfigurationPlatforms) = preSolution
		Debug|Any CPU = Debug|Any CPU
		Release|Any CPU = Release|Any CPU
	EndGlobalSection
	GlobalSection(ProjectConfigurationPlatforms) = postSolution
		{DE4A9C01-A86A-4EDF-9F67-7BB4D627F73E}.Debug|Any CPU.ActiveCfg = Debug|Any CPU
		{DE4A9C01-A86A-4EDF-9F67-7BB4D627F73E}.Debug|Any CPU.Build.0 = Debug|Any CPU
		{DE4A9C01-A86A-4EDF-9F67-7BB4D627F73E}.Release|Any CPU.ActiveCfg = Release|Any CPU
		{DE4A9C01-A86A-4EDF-9F67-7BB4D627F73E}.Release|Any CPU.Build.0 = Release|Any CPU
	EndGlobalSection
	GlobalSection(SolutionProperties) = preSolution
		HideSolutionNode = FALSE
	EndGlobalSection
	GlobalSection(ExtensibilityGlobals) = postSolution
		SolutionGuid = {C711874D-529F-4A09-9565-390452857B64}
	EndGlobalSection
EndGlobal
